
Microsoft Visual Studio Solution File, Format Version 12.00
# Visual Studio 15
VisualStudioVersion = 15.0.28306.52
MinimumVisualStudioVersion = 10.0.40219.1
Project("{FAE04EC0-301F-11D3-BF4B-00C04F79EFBC}") = "EmployeeTrackingSystem", "EmployeeTrackingSystem\EmployeeTrackingSystem.csproj", "{7B7998AD-DB56-44A9-882A-FB2B8D8A4258}"
EndProject
Global
	GlobalSection(SolutionConfigurationPlatforms) = preSolution
		Debug|Any CPU = Debug|Any CPU
		Release|Any CPU = Release|Any CPU
	EndGlobalSection
	GlobalSection(ProjectConfigurationPlatforms) = postSolution
		{7B7998AD-DB56-44A9-882A-FB2B8D8A4258}.Debug|Any CPU.ActiveCfg = Debug|Any CPU
		{7B7998AD-DB56-44A9-882A-FB2B8D8A4258}.Debug|Any CPU.Build.0 = Debug|Any CPU
		{7B7998AD-DB56-44A9-882A-FB2B8D8A4258}.Release|Any CPU.ActiveCfg = Release|Any CPU
		{7B7998AD-DB56-44A9-882A-FB2B8D8A4258}.Release|Any CPU.Build.0 = Release|Any CPU
	EndGlobalSection
	GlobalSection(SolutionProperties) = preSolution
		HideSolutionNode = FALSE
	EndGlobalSection
	GlobalSection(ExtensibilityGlobals) = postSolution
		SolutionGuid = {0199209E-A0F2-4A4B-9327-8ED1ADE74313}
	EndGlobalSection
EndGlobal
